
Microsoft Visual Studio Solution File, Format Version 12.00
# Visual Studio 15
VisualStudioVersion = 15.0.27004.2008
MinimumVisualStudioVersion = 10.0.40219.1
Project("{FAE04EC0-301F-11D3-BF4B-00C04F79EFBC}") = "Fody-Costura-Decompress", "Fody-Costura-Decompress\Fody-Costura-Decompress.csproj", "{35BF9FAA-2B9E-4A9A-8AE0-56A8616EAC25}"
EndProject
Global
	GlobalSection(SolutionConfigurationPlatforms) = preSolution
		Debug|Any CPU = Debug|Any CPU
		Release|Any CPU = Release|Any CPU
	EndGlobalSection
	GlobalSection(ProjectConfigurationPlatforms) = postSolution
		{35BF9FAA-2B9E-4A9A-8AE0-56A8616EAC25}.Debug|Any CPU.ActiveCfg = Debug|Any CPU
		{35BF9FAA-2B9E-4A9A-8AE0-56A8616EAC25}.Debug|Any CPU.Build.0 = Debug|Any CPU
		{35BF9FAA-2B9E-4A9A-8AE0-56A8616EAC25}.Release|Any CPU.ActiveCfg = Release|Any CPU
		{35BF9FAA-2B9E-4A9A-8AE0-56A8616EAC25}.Release|Any CPU.Build.0 = Release|Any CPU
	EndGlobalSection
	GlobalSection(SolutionProperties) = preSolution
		HideSolutionNode = FALSE
	EndGlobalSection
	GlobalSection(ExtensibilityGlobals) = postSolution
		SolutionGuid = {ECD56513-2140-49E9-BDAE-57D1563FB47F}
	EndGlobalSection
EndGlobal
